PODS:
  - SideMenu (6.5.0)
  - SkyFloatingLabelTextField (3.8.0)

DEPENDENCIES:
  - SideMenu (~> 6.0)
  - SkyFloatingLabelTextField (~> 3.0)

SPEC REPOS:
  trunk:
    - SideMenu
    - SkyFloatingLabelTextField

SPEC CHECKSUMS:
  SideMenu: f583187d21c5b1dd04c72002be544b555a2627a2
  SkyFloatingLabelTextField: 5a338412114808e961fe2d14ea2c5452c8b6e4aa

PODFILE CHECKSUM: 51554c75e446f46be6f81f7536bcd62e061cdf6e

COCOAPODS: 1.16.2
